// !$*UTF8*$!
{
	archiveVersion = 1;
	classes = {
	};
	objectVersion = 50;
	objects = {

/* Begin PBXBuildFile section */
		058D964521AD9B2B00D941AD /* AppDelegate.swift in Sources */ = {isa = PBXBuildFile; fileRef = 058D964421AD9B2B00D941AD /* AppDelegate.swift */; };
		058D964721AD9B2B00D941AD /* ViewController.swift in Sources */ = {isa = PBXBuildFile; fileRef = 058D964621AD9B2B00D941AD /* ViewController.swift */; };
		058D964A21AD9B2B00D941AD /* Main.storyboard in Resources */ = {isa = PBXBuildFile; fileRef = 058D964821AD9B2B00D941AD /* Main.storyboard */; };
		058D964C21AD9B2C00D941AD /* Assets.xcassets in Resources */ = {isa = PBXBuildFile; fileRef = 058D964B21AD9B2C00D941AD /* Assets.xcassets */; };
		058D964F21AD9B2C00D941AD /* LaunchScreen.storyboard in Resources */ = {isa = PBXBuildFile; fileRef = 058D964D21AD9B2C00D941AD /* LaunchScreen.storyboard */; };
		058D965A21AD9B2C00D941AD /* TestingSwiftTests.swift in Sources */ = {isa = PBXBuildFile; fileRef = 058D965921AD9B2C00D941AD /* TestingSwiftTests.swift */; };
		058D966521AD9BC300D941AD /* Hater.swift in Sources */ = {isa = PBXBuildFile; fileRef = 058D966421AD9BC300D941AD /* Hater.swift */; };
		058D966721ADD51400D941AD /* TempConverter.swift in Sources */ = {isa = PBXBuildFile; fileRef = 058D966621ADD51400D941AD /* TempConverter.swift */; };
		058D966921ADD5A800D941AD /* TempConverterTests.swift in Sources */ = {isa = PBXBuildFile; fileRef = 058D966821ADD5A800D941AD /* TempConverterTests.swift */; };
/* End PBXBuildFile section */

/* Begin PBXContainerItemProxy section */
		058D965621AD9B2C00D941AD /* PBXContainerItemProxy */ = {
			isa = PBXContainerItemProxy;
			containerPortal = 058D963921AD9B2B00D941AD /* Project object */;
			proxyType = 1;
			remoteGlobalIDString = 058D964021AD9B2B00D941AD;
			remoteInfo = TestingSwift;
		};
/* End PBXContainerItemProxy section */

/* Begin PBXFileReference section */
		058D964121AD9B2B00D941AD /* TestingSwift.app */ = {isa = PBXFileReference; explicitFileType = wrapper.application; includeInIndex = 0; path = TestingSwift.app; sourceTree = BUILT_PRODUCTS_DIR; };
		058D964421AD9B2B00D941AD /* AppDelegate.swift */ = {isa = PBXFileReference; lastKnownFileType = sourcecode.swift; path = AppDelegate.swift; sourceTree = "<group>"; };
		058D964621AD9B2B00D941AD /* ViewController.swift */ = {isa = PBXFileReference; lastKnownFileType = sourcecode.swift; path = ViewController.swift; sourceTree = "<group>"; };
		058D964921AD9B2B00D941AD /* Base */ = {isa = PBXFileReference; lastKnownFileType = file.storyboard; name = Base; path = Base.lproj/Main.storyboard; sourceTree = "<group>"; };
		058D964B21AD9B2C00D941AD /* Assets.xcassets */ = {isa = PBXFileReference; lastKnownFileType = folder.assetcatalog; path = Assets.xcassets; sourceTree = "<group>"; };
		058D964E21AD9B2C00D941AD /* Base */ = {isa = PBXFileReference; lastKnownFileType = file.storyboard; name = Base; path = Base.lproj/LaunchScreen.storyboard; sourceTree = "<group>"; };
		058D965021AD9B2C00D941AD /* Info.plist */ = {isa = PBXFileReference; lastKnownFileType = text.plist.xml; path = Info.plist; sourceTree = "<group>"; };
		058D965521AD9B2C00D941AD /* TestingSwiftTests.xctest */ = {isa = PBXFileReference; explicitFileType = wrapper.cfbundle; includeInIndex = 0; path = TestingSwiftTests.xctest; sourceTree = BUILT_PRODUCTS_DIR; };
		058D965921AD9B2C00D941AD /* TestingSwiftTests.swift */ = {isa = PBXFileReference; lastKnownFileType = sourcecode.swift; path = TestingSwiftTests.swift; sourceTree = "<group>"; };
		058D965B21AD9B2C00D941AD /* Info.plist */ = {isa = PBXFileReference; lastKnownFileType = text.plist.xml; path = Info.plist; sourceTree = "<group>"; };
		058D966421AD9BC300D941AD /* Hater.swift */ = {isa = PBXFileReference; lastKnownFileType = sourcecode.swift; path = Hater.swift; sourceTree = "<group>"; };
		058D966621ADD51400D941AD /* TempConverter.swift */ = {isa = PBXFileReference; lastKnownFileType = sourcecode.swift; path = TempConverter.swift; sourceTree = "<group>"; };
		058D966821ADD5A800D941AD /* TempConverterTests.swift */ = {isa = PBXFileReference; lastKnownFileType = sourcecode.swift; path = TempConverterTests.swift; sourceTree = "<group>"; };
/* End PBXFileReference section */

/* Begin PBXFrameworksBuildPhase section */
		058D963E21AD9B2B00D941AD /* Frameworks */ = {
			isa = PBXFrameworksBuildPhase;
			buildActionMask = 2147483647;
			files = (
			);
			runOnlyForDeploymentPostprocessing = 0;
		};
		058D965221AD9B2C00D941AD /* Frameworks */ = {
			isa = PBXFrameworksBuildPhase;
			buildActionMask = 2147483647;
			files = (
			);
			runOnlyForDeploymentPostprocessing = 0;
		};
/* End PBXFrameworksBuildPhase section */

/* Begin PBXGroup section */
		058D963821AD9B2B00D941AD = {
			isa = PBXGroup;
			children = (
				058D964321AD9B2B00D941AD /* TestingSwift */,
				058D965821AD9B2C00D941AD /* TestingSwiftTests */,
				058D964221AD9B2B00D941AD /* Products */,
			);
			sourceTree = "<group>";
		};
		058D964221AD9B2B00D941AD /* Products */ = {
			isa = PBXGroup;
			children = (
				058D964121AD9B2B00D941AD /* TestingSwift.app */,
				058D965521AD9B2C00D941AD /* TestingSwiftTests.xctest */,
			);
			name = Products;
			sourceTree = "<group>";
		};
		058D964321AD9B2B00D941AD /* TestingSwift */ = {
			isa = PBXGroup;
			children = (
				058D964421AD9B2B00D941AD /* AppDelegate.swift */,
				058D966421AD9BC300D941AD /* Hater.swift */,
				058D964621AD9B2B00D941AD /* ViewController.swift */,
				058D966621ADD51400D941AD /* TempConverter.swift */,
				058D966821ADD5A800D941AD /* TempConverterTests.swift */,
				058D964821AD9B2B00D941AD /* Main.storyboard */,
				058D964B21AD9B2C00D941AD /* Assets.xcassets */,
				058D964D21AD9B2C00D941AD /* LaunchScreen.storyboard */,
				058D965021AD9B2C00D941AD /* Info.plist */,
			);
			path = TestingSwift;
			sourceTree = "<group>";
		};
		058D965821AD9B2C00D941AD /* TestingSwiftTests */ = {
			isa = PBXGroup;
			children = (
				058D965921AD9B2C00D941AD /* TestingSwiftTests.swift */,
				058D965B21AD9B2C00D941AD /* Info.plist */,
			);
			path = TestingSwiftTests;
			sourceTree = "<group>";
		};
/* End PBXGroup section */

/* Begin PBXNativeTarget section */
		058D964021AD9B2B00D941AD /* TestingSwift */ = {
			isa = PBXNativeTarget;
			buildConfigurationList = 058D965E21AD9B2C00D941AD /* Build configuration list for PBXNativeTarget "TestingSwift" */;
			buildPhases = (
				058D963D21AD9B2B00D941AD /* Sources */,
				058D963E21AD9B2B00D941AD /* Frameworks */,
				058D963F21AD9B2B00D941AD /* Resources */,
			);
			buildRules = (
			);
			dependencies = (
			);
			name = TestingSwift;
			productName = TestingSwift;
			productReference = 058D964121AD9B2B00D941AD /* TestingSwift.app */;
			productType = "com.apple.product-type.application";
		};
		058D965421AD9B2C00D941AD /* TestingSwiftTests */ = {
			isa = PBXNativeTarget;
			buildConfigurationList = 058D966121AD9B2C00D941AD /* Build configuration list for PBXNativeTarget "TestingSwiftTests" */;
			buildPhases = (
				058D965121AD9B2C00D941AD /* Sources */,
				058D965221AD9B2C00D941AD /* Frameworks */,
				058D965321AD9B2C00D941AD /* Resources */,
			);
			buildRules = (
			);
			dependencies = (
				058D965721AD9B2C00D941AD /* PBXTargetDependency */,
			);
			name = TestingSwiftTests;
			productName = TestingSwiftTests;
			productReference = 058D965521AD9B2C00D941AD /* TestingSwiftTests.xctest */;
			productType = "com.apple.product-type.bundle.unit-test";
		};
/* End PBXNativeTarget section */

/* Begin PBXProject section */
		058D963921AD9B2B00D941AD /* Project object */ = {
			isa = PBXProject;
			attributes = {
				LastSwiftUpdateCheck = 1010;
				LastUpgradeCheck = 1010;
				ORGANIZATIONNAME = "Banana Viking";
				TargetAttributes = {
					058D964021AD9B2B00D941AD = {
						CreatedOnToolsVersion = 10.1;
					};
					058D965421AD9B2C00D941AD = {
						CreatedOnToolsVersion = 10.1;
						TestTargetID = 058D964021AD9B2B00D941AD;
					};
				};
			};
			buildConfigurationList = 058D963C21AD9B2B00D941AD /* Build configuration list for PBXProject "TestingSwift" */;
			compatibilityVersion = "Xcode 9.3";
			developmentRegion = en;
			hasScannedForEncodings = 0;
			knownRegions = (
				en,
				Base,
			);
			mainGroup = 058D963821AD9B2B00D941AD;
			productRefGroup = 058D964221AD9B2B00D941AD /* Products */;
			projectDirPath = "";
			projectRoot = "";
			targets = (
				058D964021AD9B2B00D941AD /* TestingSwift */,
				058D965421AD9B2C00D941AD /* TestingSwiftTests */,
			);
		};
/* End PBXProject section */

/* Begin PBXResourcesBuildPhase section */
		058D963F21AD9B2B00D941AD /* Resources */ = {
			isa = PBXResourcesBuildPhase;
			buildActionMask = 2147483647;
			files = (
				058D964F21AD9B2C00D941AD /* LaunchScreen.storyboard in Resources */,
				058D964C21AD9B2C00D941AD /* Assets.xcassets in Resources */,
				058D964A21AD9B2B00D941AD /* Main.storyboard in Resources */,
			);
			runOnlyForDeploymentPostprocessing = 0;
		};
		058D965321AD9B2C00D941AD /* Resources */ = {
			isa = PBXResourcesBuildPhase;
			buildActionMask = 2147483647;
			files = (
			);
			runOnlyForDeploymentPostprocessing = 0;
		};
/* End PBXResourcesBuildPhase section */

/* Begin PBXSourcesBuildPhase section */
		058D963D21AD9B2B00D941AD /* Sources */ = {
			isa = PBXSourcesBuildPhase;
			buildActionMask = 2147483647;
			files = (
				058D966721ADD51400D941AD /* TempConverter.swift in Sources */,
				058D964721AD9B2B00D941AD /* ViewController.swift in Sources */,
				058D964521AD9B2B00D941AD /* AppDelegate.swift in Sources */,
				058D966521AD9BC300D941AD /* Hater.swift in Sources */,
			);
			runOnlyForDeploymentPostprocessing = 0;
		};
		058D965121AD9B2C00D941AD /* Sources */ = {
			isa = PBXSourcesBuildPhase;
			buildActionMask = 2147483647;
			files = (
				058D966921ADD5A800D941AD /* TempConverterTests.swift in Sources */,
				058D965A21AD9B2C00D941AD /* TestingSwiftTests.swift in Sources */,
			);
			runOnlyForDeploymentPostprocessing = 0;
		};
/* End PBXSourcesBuildPhase section */

/* Begin PBXTargetDependency section */
		058D965721AD9B2C00D941AD /* PBXTargetDependency */ = {
			isa = PBXTargetDependency;
			target = 058D964021AD9B2B00D941AD /* TestingSwift */;
			targetProxy = 058D965621AD9B2C00D941AD /* PBXContainerItemProxy */;
		};
/* End PBXTargetDependency section */

/* Begin PBXVariantGroup section */
		058D964821AD9B2B00D941AD /* Main.storyboard */ = {
			isa = PBXVariantGroup;
			children = (
				058D964921AD9B2B00D941AD /* Base */,
			);
			name = Main.storyboard;
			sourceTree = "<group>";
		};
		058D964D21AD9B2C00D941AD /* LaunchScreen.storyboard */ = {
			isa = PBXVariantGroup;
			children = (
				058D964E21AD9B2C00D941AD /* Base */,
			);
			name = LaunchScreen.storyboard;
			sourceTree = "<group>";
		};
/* End PBXVariantGroup section */

/* Begin XCBuildConfiguration section */
		058D965C21AD9B2C00D941AD /* Debug */ = {
			isa = XCBuildConfiguration;
			buildSettings = {
				ALWAYS_SEARCH_USER_PATHS = NO;
				CLANG_ANALYZER_NONNULL = YES;
				CLANG_ANALYZER_NUMBER_OBJECT_CONVERSION = YES_AGGRESSIVE;
				CLANG_CXX_LANGUAGE_STANDARD = "gnu++14";
				CLANG_CXX_LIBRARY = "libc++";
				CLANG_ENABLE_MODULES = YES;
				CLANG_ENABLE_OBJC_ARC = YES;
				CLANG_ENABLE_OBJC_WEAK = YES;
				CLANG_WARN_BLOCK_CAPTURE_AUTORELEASING = YES;
				CLANG_WARN_BOOL_CONVERSION = YES;
				CLANG_WARN_COMMA = YES;
				CLANG_WARN_CONSTANT_CONVERSION = YES;
				CLANG_WARN_DEPRECATED_OBJC_IMPLEMENTATIONS = YES;
				CLANG_WARN_DIRECT_OBJC_ISA_USAGE = YES_ERROR;
				CLANG_WARN_DOCUMENTATION_COMMENTS = YES;
				CLANG_WARN_EMPTY_BODY = YES;
				CLANG_WARN_ENUM_CONVERSION = YES;
				CLANG_WARN_INFINITE_RECURSION = YES;
				CLANG_WARN_INT_CONVERSION = YES;
				CLANG_WARN_NON_LITERAL_NULL_CONVERSION = YES;
				CLANG_WARN_OBJC_IMPLICIT_RETAIN_SELF = YES;
				CLANG_WARN_OBJC_LITERAL_CONVERSION = YES;
				CLANG_WARN_OBJC_ROOT_CLASS = YES_ERROR;
				CLANG_WARN_RANGE_LOOP_ANALYSIS = YES;
				CLANG_WARN_STRICT_PROTOTYPES = YES;
				CLANG_WARN_SUSPICIOUS_MOVE = YES;
				CLANG_WARN_UNGUARDED_AVAILABILITY = YES_AGGRESSIVE;
				CLANG_WARN_UNREACHABLE_CODE = YES;
				CLANG_WARN__DUPLICATE_METHOD_MATCH = YES;
				CODE_SIGN_IDENTITY = "iPhone Developer";
				COPY_PHASE_STRIP = NO;
				DEBUG_INFORMATION_FORMAT = dwarf;
				ENABLE_STRICT_OBJC_MSGSEND = YES;
				ENABLE_TESTABILITY = YES;
				GCC_C_LANGUAGE_STANDARD = gnu11;
				GCC_DYNAMIC_NO_PIC = NO;
				GCC_NO_COMMON_BLOCKS = YES;
				GCC_OPTIMIZATION_LEVEL = 0;
				GCC_PREPROCESSOR_DEFINITIONS = (
					"DEBUG=1",
					"$(inherited)",
				);
				GCC_WARN_64_TO_32_BIT_CONVERSION = YES;
				GCC_WARN_ABOUT_RETURN_TYPE = YES_ERROR;
				GCC_WARN_UNDECLARED_SELECTOR = YES;
				GCC_WARN_UNINITIALIZED_AUTOS = YES_AGGRESSIVE;
				GCC_WARN_UNUSED_FUNCTION = YES;
				GCC_WARN_UNUSED_VARIABLE = YES;
				IPHONEOS_DEPLOYMENT_TARGET = 12.1;
				MTL_ENABLE_DEBUG_INFO = INCLUDE_SOURCE;
				MTL_FAST_MATH = YES;
				ONLY_ACTIVE_ARCH = YES;
				SDKROOT = iphoneos;
				SWIFT_ACTIVE_COMPILATION_CONDITIONS = DEBUG;
				SWIFT_OPTIMIZATION_LEVEL = "-Onone";
			};
			name = Debug;
		};
		058D965D21AD9B2C00D941AD /* Release */ = {
			isa = XCBuildConfiguration;
			buildSettings = {
				ALWAYS_SEARCH_USER_PATHS = NO;
				CLANG_ANALYZER_NONNULL = YES;
				CLANG_ANALYZER_NUMBER_OBJECT_CONVERSION = YES_AGGRESSIVE;
				CLANG_CXX_LANGUAGE_STANDARD = "gnu++14";
				CLANG_CXX_LIBRARY = "libc++";
				CLANG_ENABLE_MODULES = YES;
				CLANG_ENABLE_OBJC_ARC = YES;
				CLANG_ENABLE_OBJC_WEAK = YES;
				CLANG_WARN_BLOCK_CAPTURE_AUTORELEASING = YES;
				CLANG_WARN_BOOL_CONVERSION = YES;
				CLANG_WARN_COMMA = YES;
				CLANG_WARN_CONSTANT_CONVERSION = YES;
				CLANG_WARN_DEPRECATED_OBJC_IMPLEMENTATIONS = YES;
				CLANG_WARN_DIRECT_OBJC_ISA_USAGE = YES_ERROR;
				CLANG_WARN_DOCUMENTATION_COMMENTS = YES;
				CLANG_WARN_EMPTY_BODY = YES;
				CLANG_WARN_ENUM_CONVERSION = YES;
				CLANG_WARN_INFINITE_RECURSION = YES;
				CLANG_WARN_INT_CONVERSION = YES;
				CLANG_WARN_NON_LITERAL_NULL_CONVERSION = YES;
				CLANG_WARN_OBJC_IMPLICIT_RETAIN_SELF = YES;
				CLANG_WARN_OBJC_LITERAL_CONVERSION = YES;
				CLANG_WARN_OBJC_ROOT_CLASS = YES_ERROR;
				CLANG_WARN_RANGE_LOOP_ANALYSIS = YES;
				CLANG_WARN_STRICT_PROTOTYPES = YES;
				CLANG_WARN_SUSPICIOUS_MOVE = YES;
				CLANG_WARN_UNGUARDED_AVAILABILITY = YES_AGGRESSIVE;
				CLANG_WARN_UNREACHABLE_CODE = YES;
				CLANG_WARN__DUPLICATE_METHOD_MATCH = YES;
				CODE_SIGN_IDENTITY = "iPhone Developer";
				COPY_PHASE_STRIP = NO;
				DEBUG_INFORMATION_FORMAT = "dwarf-with-dsym";
				ENABLE_NS_ASSERTIONS = NO;
				ENABLE_STRICT_OBJC_MSGSEND = YES;
				GCC_C_LANGUAGE_STANDARD = gnu11;
				GCC_NO_COMMON_BLOCKS = YES;
				GCC_WARN_64_TO_32_BIT_CONVERSION = YES;
				GCC_WARN_ABOUT_RETURN_TYPE = YES_ERROR;
				GCC_WARN_UNDECLARED_SELECTOR = YES;
				GCC_WARN_UNINITIALIZED_AUTOS = YES_AGGRESSIVE;
				GCC_WARN_UNUSED_FUNCTION = YES;
				GCC_WARN_UNUSED_VARIABLE = YES;
				IPHONEOS_DEPLOYMENT_TARGET = 12.1;
				MTL_ENABLE_DEBUG_INFO = NO;
				MTL_FAST_MATH = YES;
				SDKROOT = iphoneos;
				SWIFT_COMPILATION_MODE = wholemodule;
				SWIFT_OPTIMIZATION_LEVEL = "-O";
				VALIDATE_PRODUCT = YES;
			};
			name = Release;
		};
		058D965F21AD9B2C00D941AD /* Debug */ = {
			isa = XCBuildConfiguration;
			buildSettings = {
				ASSETCATALOG_COMPILER_APPICON_NAME = AppIcon;
				CODE_SIGN_STYLE = Automatic;
				DEVELOPMENT_TEAM = 7YNF79H478;
				INFOPLIST_FILE = TestingSwift/Info.plist;
				LD_RUNPATH_SEARCH_PATHS = (
					"$(inherited)",
					"@executable_path/Frameworks",
				);
				PRODUCT_BUNDLE_IDENTIFIER = com.bananaviking.TestingSwift;
				PRODUCT_NAME = "$(TARGET_NAME)";
				SWIFT_VERSION = 4.2;
				TARGETED_DEVICE_FAMILY = "1,2";
			};
			name = Debug;
		};
		058D966021AD9B2C00D941AD /* Release */ = {
			isa = XCBuildConfiguration;
			buildSettings = {
				ASSETCATALOG_COMPILER_APPICON_NAME = AppIcon;
				CODE_SIGN_STYLE = Automatic;
				DEVELOPMENT_TEAM = 7YNF79H478;
				INFOPLIST_FILE = TestingSwift/Info.plist;
				LD_RUNPATH_SEARCH_PATHS = (
					"$(inherited)",
					"@executable_path/Frameworks",
				);
				PRODUCT_BUNDLE_IDENTIFIER = com.bananaviking.TestingSwift;
				PRODUCT_NAME = "$(TARGET_NAME)";
				SWIFT_VERSION = 4.2;
				TARGETED_DEVICE_FAMILY = "1,2";
			};
			name = Release;
		};
		058D966221AD9B2C00D941AD /* Debug */ = {
			isa = XCBuildConfiguration;
			buildSettings = {
				ALWAYS_EMBED_SWIFT_STANDARD_LIBRARIES = YES;
				BUNDLE_LOADER = "$(TEST_HOST)";
				CODE_SIGN_STYLE = Automatic;
				DEVELOPMENT_TEAM = 7YNF79H478;
				INFOPLIST_FILE = TestingSwiftTests/Info.plist;
				LD_RUNPATH_SEARCH_PATHS = (
					"$(inherited)",
					"@executable_path/Frameworks",
					"@loader_path/Frameworks",
				);
				PRODUCT_BUNDLE_IDENTIFIER = com.bananaviking.TestingSwiftTests;
				PRODUCT_NAME = "$(TARGET_NAME)";
				SWIFT_VERSION = 4.2;
				TARGETED_DEVICE_FAMILY = "1,2";
				TEST_HOST = "$(BUILT_PRODUCTS_DIR)/TestingSwift.app/TestingSwift";
			};
			name = Debug;
		};
		058D966321AD9B2C00D941AD /* Release */ = {
			isa = XCBuildConfiguration;
			buildSettings = {
				ALWAYS_EMBED_SWIFT_STANDARD_LIBRARIES = YES;
				BUNDLE_LOADER = "$(TEST_HOST)";
				CODE_SIGN_STYLE = Automatic;
				DEVELOPMENT_TEAM = 7YNF79H478;
				INFOPLIST_FILE = TestingSwiftTests/Info.plist;
				LD_RUNPATH_SEARCH_PATHS = (
					"$(inherited)",
					"@executable_path/Frameworks",
					"@loader_path/Frameworks",
				);
				PRODUCT_BUNDLE_IDENTIFIER = com.bananaviking.TestingSwiftTests;
				PRODUCT_NAME = "$(TARGET_NAME)";
				SWIFT_VERSION = 4.2;
				TARGETED_DEVICE_FAMILY = "1,2";
				TEST_HOST = "$(BUILT_PRODUCTS_DIR)/TestingSwift.app/TestingSwift";
			};
			name = Release;
		};
/* End XCBuildConfiguration section */

/* Begin XCConfigurationList section */
		058D963C21AD9B2B00D941AD /* Build configuration list for PBXProject "TestingSwift" */ = {
			isa = XCConfigurationList;
			buildConfigurations = (
				058D965C21AD9B2C00D941AD /* Debug */,
				058D965D21AD9B2C00D941AD /* Release */,
			);
			defaultConfigurationIsVisible = 0;
			defaultConfigurationName = Release;
		};
		058D965E21AD9B2C00D941AD /* Build configuration list for PBXNativeTarget "TestingSwift" */ = {
			isa = XCConfigurationList;
			buildConfigurations = (
				058D965F21AD9B2C00D941AD /* Debug */,
				058D966021AD9B2C00D941AD /* Release */,
			);
			defaultConfigurationIsVisible = 0;
			defaultConfigurationName = Release;
		};
		058D966121AD9B2C00D941AD /* Build configuration list for PBXNativeTarget "TestingSwiftTests" */ = {
			isa = XCConfigurationList;
			buildConfigurations = (
				058D966221AD9B2C00D941AD /* Debug */,
				058D966321AD9B2C00D941AD /* Release */,
			);
			defaultConfigurationIsVisible = 0;
			defaultConfigurationName = Release;
		};
/* End XCConfigurationList section */
	};
	rootObject = 058D963921AD9B2B00D941AD /* Project object */;
}
